
Microsoft Visual Studio Solution File, Format Version 12.00
# Visual Studio Express 15 for Windows Desktop
VisualStudioVersion = 15.0.34031.82
MinimumVisualStudioVersion = 10.0.40219.1
Project("{FAE04EC0-301F-11D3-BF4B-00C04F79EFBC}") = "UserInterface", "UserInterface\UserInterface.csproj", "{BBBDE21A-CAE1-4D4F-B063-93DE2BFB7C2B}"
EndProject
Project("{FAE04EC0-301F-11D3-BF4B-00C04F79EFBC}") = "DS", "DS\DS.csproj", "{ABE8CFFE-37C2-4100-95FB-7C112DFEB8B4}"
EndProject
Global
	GlobalSection(SolutionConfigurationPlatforms) = preSolution
		Debug|Any CPU = Debug|Any CPU
		Release|Any CPU = Release|Any CPU
	EndGlobalSection
	GlobalSection(ProjectConfigurationPlatforms) = postSolution
		{BBBDE21A-CAE1-4D4F-B063-93DE2BFB7C2B}.Debug|Any CPU.ActiveCfg = Debug|Any CPU
		{BBBDE21A-CAE1-4D4F-B063-93DE2BFB7C2B}.Debug|Any CPU.Build.0 = Debug|Any CPU
		{BBBDE21A-CAE1-4D4F-B063-93DE2BFB7C2B}.Release|Any CPU.ActiveCfg = Release|Any CPU
		{BBBDE21A-CAE1-4D4F-B063-93DE2BFB7C2B}.Release|Any CPU.Build.0 = Release|Any CPU
		{ABE8CFFE-37C2-4100-95FB-7C112DFEB8B4}.Debug|Any CPU.ActiveCfg = Debug|Any CPU
		{ABE8CFFE-37C2-4100-95FB-7C112DFEB8B4}.Debug|Any CPU.Build.0 = Debug|Any CPU
		{ABE8CFFE-37C2-4100-95FB-7C112DFEB8B4}.Release|Any CPU.ActiveCfg = Release|Any CPU
		{ABE8CFFE-37C2-4100-95FB-7C112DFEB8B4}.Release|Any CPU.Build.0 = Release|Any CPU
	EndGlobalSection
	GlobalSection(SolutionProperties) = preSolution
		HideSolutionNode = FALSE
	EndGlobalSection
	GlobalSection(ExtensibilityGlobals) = postSolution
		SolutionGuid = {2BBBE4E1-6057-414B-838C-8E88C9ECA69C}
	EndGlobalSection
EndGlobal
